// !$*UTF8*$!
{
	archiveVersion = 1;
	classes = {
	};
	objectVersion = 56;
	objects = {

/* Begin PBXBuildFile section */
		C03BD6E92C19603000D2FEA7 /* HawKeys_HMSApp.swift in Sources */ = {isa = PBXBuildFile; fileRef = C03BD6E82C19603000D2FEA7 /* HawKeys_HMSApp.swift */; };
		C03BD6EB2C19603000D2FEA7 /* ContentView.swift in Sources */ = {isa = PBXBuildFile; fileRef = C03BD6EA2C19603000D2FEA7 /* ContentView.swift */; };
		C03BD6ED2C19603100D2FEA7 /* Assets.xcassets in Resources */ = {isa = PBXBuildFile; fileRef = C03BD6EC2C19603100D2FEA7 /* Assets.xcassets */; };
		C03BD6F02C19603100D2FEA7 /* Preview Assets.xcassets in Resources */ = {isa = PBXBuildFile; fileRef = C03BD6EF2C19603100D2FEA7 /* Preview Assets.xcassets */; };
		C03BD6F92C19607C00D2FEA7 /* userSignIn.swift in Sources */ = {isa = PBXBuildFile; fileRef = C03BD6F62C19607C00D2FEA7 /* userSignIn.swift */; };
		C03BD6FA2C19607C00D2FEA7 /* userSignUp.swift in Sources */ = {isa = PBXBuildFile; fileRef = C03BD6F72C19607C00D2FEA7 /* userSignUp.swift */; };
		C03BD7022C19608E00D2FEA7 /* Admin.swift in Sources */ = {isa = PBXBuildFile; fileRef = C03BD6FB2C19608E00D2FEA7 /* Admin.swift */; };
		C03BD7032C19608E00D2FEA7 /* Appointment.swift in Sources */ = {isa = PBXBuildFile; fileRef = C03BD6FC2C19608E00D2FEA7 /* Appointment.swift */; };
		C03BD7042C19608E00D2FEA7 /* Doctor.swift in Sources */ = {isa = PBXBuildFile; fileRef = C03BD6FD2C19608E00D2FEA7 /* Doctor.swift */; };
		C03BD7052C19608E00D2FEA7 /* LabTestsList.swift in Sources */ = {isa = PBXBuildFile; fileRef = C03BD6FE2C19608E00D2FEA7 /* LabTestsList.swift */; };
		C03BD7062C19608E00D2FEA7 /* Patient.swift in Sources */ = {isa = PBXBuildFile; fileRef = C03BD6FF2C19608E00D2FEA7 /* Patient.swift */; };
		C03BD7072C19608E00D2FEA7 /* User.swift in Sources */ = {isa = PBXBuildFile; fileRef = C03BD7002C19608E00D2FEA7 /* User.swift */; };
		C03BD7092C1961FE00D2FEA7 /* appGradient.swift in Sources */ = {isa = PBXBuildFile; fileRef = C03BD7082C1961FE00D2FEA7 /* appGradient.swift */; };
		C03BD70B2C19620B00D2FEA7 /* navigationHelper.swift in Sources */ = {isa = PBXBuildFile; fileRef = C03BD70A2C19620B00D2FEA7 /* navigationHelper.swift */; };
		C03BD7122C19623700D2FEA7 /* adminController.swift in Sources */ = {isa = PBXBuildFile; fileRef = C03BD70C2C19623700D2FEA7 /* adminController.swift */; };
		C03BD7132C19623700D2FEA7 /* auth.swift in Sources */ = {isa = PBXBuildFile; fileRef = C03BD70D2C19623700D2FEA7 /* auth.swift */; };
		C03BD7142C19623700D2FEA7 /* doctorController.swift in Sources */ = {isa = PBXBuildFile; fileRef = C03BD70E2C19623700D2FEA7 /* doctorController.swift */; };
		C03BD7152C19623700D2FEA7 /* labController.swift in Sources */ = {isa = PBXBuildFile; fileRef = C03BD70F2C19623700D2FEA7 /* labController.swift */; };
		C03BD7162C19623700D2FEA7 /* patientController.swift in Sources */ = {isa = PBXBuildFile; fileRef = C03BD7102C19623700D2FEA7 /* patientController.swift */; };
		C03BD7192C19628400D2FEA7 /* MainPatientView.swift in Sources */ = {isa = PBXBuildFile; fileRef = C03BD7182C19628400D2FEA7 /* MainPatientView.swift */; };
		C03BD71B2C1962E100D2FEA7 /* MainDoctorView.swift in Sources */ = {isa = PBXBuildFile; fileRef = C03BD71A2C1962E100D2FEA7 /* MainDoctorView.swift */; };
		C03BD71D2C1962F800D2FEA7 /* MainAdminView.swift in Sources */ = {isa = PBXBuildFile; fileRef = C03BD71C2C1962F800D2FEA7 /* MainAdminView.swift */; };
		C03BD71F2C19638300D2FEA7 /* LaboratoryContentView.swift in Sources */ = {isa = PBXBuildFile; fileRef = C03BD71E2C19638300D2FEA7 /* LaboratoryContentView.swift */; };
		C03BD7252C19669600D2FEA7 /* DoctorCategoryListView.swift in Sources */ = {isa = PBXBuildFile; fileRef = C03BD7242C19669600D2FEA7 /* DoctorCategoryListView.swift */; };
		C03BD7272C19681900D2FEA7 /* AdminHomeView.swift in Sources */ = {isa = PBXBuildFile; fileRef = C03BD7262C19681900D2FEA7 /* AdminHomeView.swift */; };
		C03BD7292C1968A800D2FEA7 /* AdminProfile.swift in Sources */ = {isa = PBXBuildFile; fileRef = C03BD7282C1968A800D2FEA7 /* AdminProfile.swift */; };
		C03BD72B2C19701D00D2FEA7 /* DoctorApprovalList.swift in Sources */ = {isa = PBXBuildFile; fileRef = C03BD72A2C19701D00D2FEA7 /* DoctorApprovalList.swift */; };
/* End PBXBuildFile section */

/* Begin PBXFileReference section */
		C03BD6E52C19603000D2FEA7 /* HawKeys-HMS.app */ = {isa = PBXFileReference; explicitFileType = wrapper.application; includeInIndex = 0; path = "HawKeys-HMS.app"; sourceTree = BUILT_PRODUCTS_DIR; };
		C03BD6E82C19603000D2FEA7 /* HawKeys_HMSApp.swift */ = {isa = PBXFileReference; lastKnownFileType = sourcecode.swift; path = HawKeys_HMSApp.swift; sourceTree = "<group>"; };
		C03BD6EA2C19603000D2FEA7 /* ContentView.swift */ = {isa = PBXFileReference; lastKnownFileType = sourcecode.swift; path = ContentView.swift; sourceTree = "<group>"; };
		C03BD6EC2C19603100D2FEA7 /* Assets.xcassets */ = {isa = PBXFileReference; lastKnownFileType = folder.assetcatalog; path = Assets.xcassets; sourceTree = "<group>"; };
		C03BD6EF2C19603100D2FEA7 /* Preview Assets.xcassets */ = {isa = PBXFileReference; lastKnownFileType = folder.assetcatalog; path = "Preview Assets.xcassets"; sourceTree = "<group>"; };
		C03BD6F62C19607C00D2FEA7 /* userSignIn.swift */ = {isa = PBXFileReference; fileEncoding = 4; lastKnownFileType = sourcecode.swift; path = userSignIn.swift; sourceTree = "<group>"; };
		C03BD6F72C19607C00D2FEA7 /* userSignUp.swift */ = {isa = PBXFileReference; fileEncoding = 4; lastKnownFileType = sourcecode.swift; path = userSignUp.swift; sourceTree = "<group>"; };
		C03BD6FB2C19608E00D2FEA7 /* Admin.swift */ = {isa = PBXFileReference; fileEncoding = 4; lastKnownFileType = sourcecode.swift; path = Admin.swift; sourceTree = "<group>"; };
		C03BD6FC2C19608E00D2FEA7 /* Appointment.swift */ = {isa = PBXFileReference; fileEncoding = 4; lastKnownFileType = sourcecode.swift; path = Appointment.swift; sourceTree = "<group>"; };
		C03BD6FD2C19608E00D2FEA7 /* Doctor.swift */ = {isa = PBXFileReference; fileEncoding = 4; lastKnownFileType = sourcecode.swift; path = Doctor.swift; sourceTree = "<group>"; };
		C03BD6FE2C19608E00D2FEA7 /* LabTestsList.swift */ = {isa = PBXFileReference; fileEncoding = 4; lastKnownFileType = sourcecode.swift; path = LabTestsList.swift; sourceTree = "<group>"; };
		C03BD6FF2C19608E00D2FEA7 /* Patient.swift */ = {isa = PBXFileReference; fileEncoding = 4; lastKnownFileType = sourcecode.swift; path = Patient.swift; sourceTree = "<group>"; };
		C03BD7002C19608E00D2FEA7 /* User.swift */ = {isa = PBXFileReference; fileEncoding = 4; lastKnownFileType = sourcecode.swift; path = User.swift; sourceTree = "<group>"; };
		C03BD7082C1961FE00D2FEA7 /* appGradient.swift */ = {isa = PBXFileReference; fileEncoding = 4; lastKnownFileType = sourcecode.swift; path = appGradient.swift; sourceTree = "<group>"; };
		C03BD70A2C19620B00D2FEA7 /* navigationHelper.swift */ = {isa = PBXFileReference; fileEncoding = 4; lastKnownFileType = sourcecode.swift; path = navigationHelper.swift; sourceTree = "<group>"; };
		C03BD70C2C19623700D2FEA7 /* adminController.swift */ = {isa = PBXFileReference; fileEncoding = 4; lastKnownFileType = sourcecode.swift; path = adminController.swift; sourceTree = "<group>"; };
		C03BD70D2C19623700D2FEA7 /* auth.swift */ = {isa = PBXFileReference; fileEncoding = 4; lastKnownFileType = sourcecode.swift; path = auth.swift; sourceTree = "<group>"; };
		C03BD70E2C19623700D2FEA7 /* doctorController.swift */ = {isa = PBXFileReference; fileEncoding = 4; lastKnownFileType = sourcecode.swift; path = doctorController.swift; sourceTree = "<group>"; };
		C03BD70F2C19623700D2FEA7 /* labController.swift */ = {isa = PBXFileReference; fileEncoding = 4; lastKnownFileType = sourcecode.swift; path = labController.swift; sourceTree = "<group>"; };
		C03BD7102C19623700D2FEA7 /* patientController.swift */ = {isa = PBXFileReference; fileEncoding = 4; lastKnownFileType = sourcecode.swift; path = patientController.swift; sourceTree = "<group>"; };
		C03BD7182C19628400D2FEA7 /* MainPatientView.swift */ = {isa = PBXFileReference; fileEncoding = 4; lastKnownFileType = sourcecode.swift; path = MainPatientView.swift; sourceTree = "<group>"; };
		C03BD71A2C1962E100D2FEA7 /* MainDoctorView.swift */ = {isa = PBXFileReference; fileEncoding = 4; lastKnownFileType = sourcecode.swift; path = MainDoctorView.swift; sourceTree = "<group>"; };
		C03BD71C2C1962F800D2FEA7 /* MainAdminView.swift */ = {isa = PBXFileReference; fileEncoding = 4; lastKnownFileType = sourcecode.swift; path = MainAdminView.swift; sourceTree = "<group>"; };
		C03BD71E2C19638300D2FEA7 /* LaboratoryContentView.swift */ = {isa = PBXFileReference; lastKnownFileType = sourcecode.swift; path = LaboratoryContentView.swift; sourceTree = "<group>"; };
		C03BD7242C19669600D2FEA7 /* DoctorCategoryListView.swift */ = {isa = PBXFileReference; lastKnownFileType = sourcecode.swift; path = DoctorCategoryListView.swift; sourceTree = "<group>"; };
		C03BD7262C19681900D2FEA7 /* AdminHomeView.swift */ = {isa = PBXFileReference; lastKnownFileType = sourcecode.swift; path = AdminHomeView.swift; sourceTree = "<group>"; };
		C03BD7282C1968A800D2FEA7 /* AdminProfile.swift */ = {isa = PBXFileReference; lastKnownFileType = sourcecode.swift; path = AdminProfile.swift; sourceTree = "<group>"; };
		C03BD72A2C19701D00D2FEA7 /* DoctorApprovalList.swift */ = {isa = PBXFileReference; lastKnownFileType = sourcecode.swift; path = DoctorApprovalList.swift; sourceTree = "<group>"; };
/* End PBXFileReference section */

/* Begin PBXFrameworksBuildPhase section */
		C03BD6E22C19603000D2FEA7 /* Frameworks */ = {
			isa = PBXFrameworksBuildPhase;
			buildActionMask = 2147483647;
			files = (
			);
			runOnlyForDeploymentPostprocessing = 0;
		};
/* End PBXFrameworksBuildPhase section */

/* Begin PBXGroup section */
		C03BD6DC2C19603000D2FEA7 = {
			isa = PBXGroup;
			children = (
				C03BD6E72C19603000D2FEA7 /* HawKeys-HMS */,
				C03BD6E62C19603000D2FEA7 /* Products */,
			);
			sourceTree = "<group>";
		};
		C03BD6E62C19603000D2FEA7 /* Products */ = {
			isa = PBXGroup;
			children = (
				C03BD6E52C19603000D2FEA7 /* HawKeys-HMS.app */,
			);
			name = Products;
			sourceTree = "<group>";
		};
		C03BD6E72C19603000D2FEA7 /* HawKeys-HMS */ = {
			isa = PBXGroup;
			children = (
				C03BD6F82C19607C00D2FEA7 /* Authentication */,
				C03BD7172C19625200D2FEA7 /* TabBars */,
				C03BD7012C19608E00D2FEA7 /* Models */,
				C03BD7112C19623700D2FEA7 /* Controllers */,
				C03BD7202C1963DB00D2FEA7 /* Views */,
				C03BD6EA2C19603000D2FEA7 /* ContentView.swift */,
				C03BD6E82C19603000D2FEA7 /* HawKeys_HMSApp.swift */,
				C03BD7082C1961FE00D2FEA7 /* appGradient.swift */,
				C03BD70A2C19620B00D2FEA7 /* navigationHelper.swift */,
				C03BD6EC2C19603100D2FEA7 /* Assets.xcassets */,
				C03BD6EE2C19603100D2FEA7 /* Preview Content */,
			);
			path = "HawKeys-HMS";
			sourceTree = "<group>";
		};
		C03BD6EE2C19603100D2FEA7 /* Preview Content */ = {
			isa = PBXGroup;
			children = (
				C03BD6EF2C19603100D2FEA7 /* Preview Assets.xcassets */,
			);
			path = "Preview Content";
			sourceTree = "<group>";
		};
		C03BD6F82C19607C00D2FEA7 /* Authentication */ = {
			isa = PBXGroup;
			children = (
				C03BD6F62C19607C00D2FEA7 /* userSignIn.swift */,
				C03BD6F72C19607C00D2FEA7 /* userSignUp.swift */,
			);
			path = Authentication;
			sourceTree = "<group>";
		};
		C03BD7012C19608E00D2FEA7 /* Models */ = {
			isa = PBXGroup;
			children = (
				C03BD6FB2C19608E00D2FEA7 /* Admin.swift */,
				C03BD6FC2C19608E00D2FEA7 /* Appointment.swift */,
				C03BD6FD2C19608E00D2FEA7 /* Doctor.swift */,
				C03BD6FE2C19608E00D2FEA7 /* LabTestsList.swift */,
				C03BD6FF2C19608E00D2FEA7 /* Patient.swift */,
				C03BD7002C19608E00D2FEA7 /* User.swift */,
			);
			path = Models;
			sourceTree = "<group>";
		};
		C03BD7112C19623700D2FEA7 /* Controllers */ = {
			isa = PBXGroup;
			children = (
				C03BD70C2C19623700D2FEA7 /* adminController.swift */,
				C03BD70D2C19623700D2FEA7 /* auth.swift */,
				C03BD70E2C19623700D2FEA7 /* doctorController.swift */,
				C03BD70F2C19623700D2FEA7 /* labController.swift */,
				C03BD7102C19623700D2FEA7 /* patientController.swift */,
			);
			path = Controllers;
			sourceTree = "<group>";
		};
		C03BD7172C19625200D2FEA7 /* TabBars */ = {
			isa = PBXGroup;
			children = (
				C03BD7182C19628400D2FEA7 /* MainPatientView.swift */,
				C03BD71A2C1962E100D2FEA7 /* MainDoctorView.swift */,
				C03BD71C2C1962F800D2FEA7 /* MainAdminView.swift */,
				C03BD71E2C19638300D2FEA7 /* LaboratoryContentView.swift */,
			);
			path = TabBars;
			sourceTree = "<group>";
		};
		C03BD7202C1963DB00D2FEA7 /* Views */ = {
			isa = PBXGroup;
			children = (
				C03BD7212C19642D00D2FEA7 /* Patient */,
				C03BD7232C19644000D2FEA7 /* Doctor */,
				C03BD7222C19643800D2FEA7 /* Admin */,
			);
			path = Views;
			sourceTree = "<group>";
		};
		C03BD7212C19642D00D2FEA7 /* Patient */ = {
			isa = PBXGroup;
			children = (
			);
			path = Patient;
			sourceTree = "<group>";
		};
		C03BD7222C19643800D2FEA7 /* Admin */ = {
			isa = PBXGroup;
			children = (
				C03BD7262C19681900D2FEA7 /* AdminHomeView.swift */,
				C03BD72A2C19701D00D2FEA7 /* DoctorApprovalList.swift */,
				C03BD7242C19669600D2FEA7 /* DoctorCategoryListView.swift */,
				C03BD7282C1968A800D2FEA7 /* AdminProfile.swift */,
			);
			path = Admin;
			sourceTree = "<group>";
		};
		C03BD7232C19644000D2FEA7 /* Doctor */ = {
			isa = PBXGroup;
			children = (
			);
			path = Doctor;
			sourceTree = "<group>";
		};
/* End PBXGroup section */

/* Begin PBXNativeTarget section */
		C03BD6E42C19603000D2FEA7 /* HawKeys-HMS */ = {
			isa = PBXNativeTarget;
			buildConfigurationList = C03BD6F32C19603100D2FEA7 /* Build configuration list for PBXNativeTarget "HawKeys-HMS" */;
			buildPhases = (
				C03BD6E12C19603000D2FEA7 /* Sources */,
				C03BD6E22C19603000D2FEA7 /* Frameworks */,
				C03BD6E32C19603000D2FEA7 /* Resources */,
			);
			buildRules = (
			);
			dependencies = (
			);
			name = "HawKeys-HMS";
			productName = "HawKeys-HMS";
			productReference = C03BD6E52C19603000D2FEA7 /* HawKeys-HMS.app */;
			productType = "com.apple.product-type.application";
		};
/* End PBXNativeTarget section */

/* Begin PBXProject section */
		C03BD6DD2C19603000D2FEA7 /* Project object */ = {
			isa = PBXProject;
			attributes = {
				BuildIndependentTargetsInParallel = 1;
				LastSwiftUpdateCheck = 1540;
				LastUpgradeCheck = 1540;
				TargetAttributes = {
					C03BD6E42C19603000D2FEA7 = {
						CreatedOnToolsVersion = 15.4;
					};
				};
			};
			buildConfigurationList = C03BD6E02C19603000D2FEA7 /* Build configuration list for PBXProject "HawKeys-HMS" */;
			compatibilityVersion = "Xcode 14.0";
			developmentRegion = en;
			hasScannedForEncodings = 0;
			knownRegions = (
				en,
				Base,
			);
			mainGroup = C03BD6DC2C19603000D2FEA7;
			productRefGroup = C03BD6E62C19603000D2FEA7 /* Products */;
			projectDirPath = "";
			projectRoot = "";
			targets = (
				C03BD6E42C19603000D2FEA7 /* HawKeys-HMS */,
			);
		};
/* End PBXProject section */

/* Begin PBXResourcesBuildPhase section */
		C03BD6E32C19603000D2FEA7 /* Resources */ = {
			isa = PBXResourcesBuildPhase;
			buildActionMask = 2147483647;
			files = (
				C03BD6F02C19603100D2FEA7 /* Preview Assets.xcassets in Resources */,
				C03BD6ED2C19603100D2FEA7 /* Assets.xcassets in Resources */,
			);
			runOnlyForDeploymentPostprocessing = 0;
		};
/* End PBXResourcesBuildPhase section */

/* Begin PBXSourcesBuildPhase section */
		C03BD6E12C19603000D2FEA7 /* Sources */ = {
			isa = PBXSourcesBuildPhase;
			buildActionMask = 2147483647;
			files = (
				C03BD6FA2C19607C00D2FEA7 /* userSignUp.swift in Sources */,
				C03BD7152C19623700D2FEA7 /* labController.swift in Sources */,
				C03BD71F2C19638300D2FEA7 /* LaboratoryContentView.swift in Sources */,
				C03BD6F92C19607C00D2FEA7 /* userSignIn.swift in Sources */,
				C03BD7062C19608E00D2FEA7 /* Patient.swift in Sources */,
				C03BD6EB2C19603000D2FEA7 /* ContentView.swift in Sources */,
				C03BD72B2C19701D00D2FEA7 /* DoctorApprovalList.swift in Sources */,
				C03BD7052C19608E00D2FEA7 /* LabTestsList.swift in Sources */,
				C03BD7292C1968A800D2FEA7 /* AdminProfile.swift in Sources */,
				C03BD7122C19623700D2FEA7 /* adminController.swift in Sources */,
				C03BD7272C19681900D2FEA7 /* AdminHomeView.swift in Sources */,
				C03BD71D2C1962F800D2FEA7 /* MainAdminView.swift in Sources */,
				C03BD7252C19669600D2FEA7 /* DoctorCategoryListView.swift in Sources */,
				C03BD70B2C19620B00D2FEA7 /* navigationHelper.swift in Sources */,
				C03BD7132C19623700D2FEA7 /* auth.swift in Sources */,
				C03BD7032C19608E00D2FEA7 /* Appointment.swift in Sources */,
				C03BD7022C19608E00D2FEA7 /* Admin.swift in Sources */,
				C03BD6E92C19603000D2FEA7 /* HawKeys_HMSApp.swift in Sources */,
				C03BD71B2C1962E100D2FEA7 /* MainDoctorView.swift in Sources */,
				C03BD7162C19623700D2FEA7 /* patientController.swift in Sources */,
				C03BD7192C19628400D2FEA7 /* MainPatientView.swift in Sources */,
				C03BD7092C1961FE00D2FEA7 /* appGradient.swift in Sources */,
				C03BD7072C19608E00D2FEA7 /* User.swift in Sources */,
				C03BD7142C19623700D2FEA7 /* doctorController.swift in Sources */,
				C03BD7042C19608E00D2FEA7 /* Doctor.swift in Sources */,
			);
			runOnlyForDeploymentPostprocessing = 0;
		};
/* End PBXSourcesBuildPhase section */

/* Begin XCBuildConfiguration section */
		C03BD6F12C19603100D2FEA7 /* Debug */ = {
			isa = XCBuildConfiguration;
			buildSettings = {
				ALWAYS_SEARCH_USER_PATHS = NO;
				ASSETCATALOG_COMPILER_GENERATE_SWIFT_ASSET_SYMBOL_EXTENSIONS = YES;
				CLANG_ANALYZER_NONNULL = YES;
				CLANG_ANALYZER_NUMBER_OBJECT_CONVERSION = YES_AGGRESSIVE;
				CLANG_CXX_LANGUAGE_STANDARD = "gnu++20";
				CLANG_ENABLE_MODULES = YES;
				CLANG_ENABLE_OBJC_ARC = YES;
				CLANG_ENABLE_OBJC_WEAK = YES;
				CLANG_WARN_BLOCK_CAPTURE_AUTORELEASING = YES;
				CLANG_WARN_BOOL_CONVERSION = YES;
				CLANG_WARN_COMMA = YES;
				CLANG_WARN_CONSTANT_CONVERSION = YES;
				CLANG_WARN_DEPRECATED_OBJC_IMPLEMENTATIONS = YES;
				CLANG_WARN_DIRECT_OBJC_ISA_USAGE = YES_ERROR;
				CLANG_WARN_DOCUMENTATION_COMMENTS = YES;
				CLANG_WARN_EMPTY_BODY = YES;
				CLANG_WARN_ENUM_CONVERSION = YES;
				CLANG_WARN_INFINITE_RECURSION = YES;
				CLANG_WARN_INT_CONVERSION = YES;
				CLANG_WARN_NON_LITERAL_NULL_CONVERSION = YES;
				CLANG_WARN_OBJC_IMPLICIT_RETAIN_SELF = YES;
				CLANG_WARN_OBJC_LITERAL_CONVERSION = YES;
				CLANG_WARN_OBJC_ROOT_CLASS = YES_ERROR;
				CLANG_WARN_QUOTED_INCLUDE_IN_FRAMEWORK_HEADER = YES;
				CLANG_WARN_RANGE_LOOP_ANALYSIS = YES;
				CLANG_WARN_STRICT_PROTOTYPES = YES;
				CLANG_WARN_SUSPICIOUS_MOVE = YES;
				CLANG_WARN_UNGUARDED_AVAILABILITY = YES_AGGRESSIVE;
				CLANG_WARN_UNREACHABLE_CODE = YES;
				CLANG_WARN__DUPLICATE_METHOD_MATCH = YES;
				COPY_PHASE_STRIP = NO;
				DEBUG_INFORMATION_FORMAT = dwarf;
				ENABLE_STRICT_OBJC_MSGSEND = YES;
				ENABLE_TESTABILITY = YES;
				ENABLE_USER_SCRIPT_SANDBOXING = YES;
				GCC_C_LANGUAGE_STANDARD = gnu17;
				GCC_DYNAMIC_NO_PIC = NO;
				GCC_NO_COMMON_BLOCKS = YES;
				GCC_OPTIMIZATION_LEVEL = 0;
				GCC_PREPROCESSOR_DEFINITIONS = (
					"DEBUG=1",
					"$(inherited)",
				);
				GCC_WARN_64_TO_32_BIT_CONVERSION = YES;
				GCC_WARN_ABOUT_RETURN_TYPE = YES_ERROR;
				GCC_WARN_UNDECLARED_SELECTOR = YES;
				GCC_WARN_UNINITIALIZED_AUTOS = YES_AGGRESSIVE;
				GCC_WARN_UNUSED_FUNCTION = YES;
				GCC_WARN_UNUSED_VARIABLE = YES;
				IPHONEOS_DEPLOYMENT_TARGET = 17.5;
				LOCALIZATION_PREFERS_STRING_CATALOGS = YES;
				MTL_ENABLE_DEBUG_INFO = INCLUDE_SOURCE;
				MTL_FAST_MATH = YES;
				ONLY_ACTIVE_ARCH = YES;
				SDKROOT = iphoneos;
				SWIFT_ACTIVE_COMPILATION_CONDITIONS = "DEBUG $(inherited)";
				SWIFT_OPTIMIZATION_LEVEL = "-Onone";
			};
			name = Debug;
		};
		C03BD6F22C19603100D2FEA7 /* Release */ = {
			isa = XCBuildConfiguration;
			buildSettings = {
				ALWAYS_SEARCH_USER_PATHS = NO;
				ASSETCATALOG_COMPILER_GENERATE_SWIFT_ASSET_SYMBOL_EXTENSIONS = YES;
				CLANG_ANALYZER_NONNULL = YES;
				CLANG_ANALYZER_NUMBER_OBJECT_CONVERSION = YES_AGGRESSIVE;
				CLANG_CXX_LANGUAGE_STANDARD = "gnu++20";
				CLANG_ENABLE_MODULES = YES;
				CLANG_ENABLE_OBJC_ARC = YES;
				CLANG_ENABLE_OBJC_WEAK = YES;
				CLANG_WARN_BLOCK_CAPTURE_AUTORELEASING = YES;
				CLANG_WARN_BOOL_CONVERSION = YES;
				CLANG_WARN_COMMA = YES;
				CLANG_WARN_CONSTANT_CONVERSION = YES;
				CLANG_WARN_DEPRECATED_OBJC_IMPLEMENTATIONS = YES;
				CLANG_WARN_DIRECT_OBJC_ISA_USAGE = YES_ERROR;
				CLANG_WARN_DOCUMENTATION_COMMENTS = YES;
				CLANG_WARN_EMPTY_BODY = YES;
				CLANG_WARN_ENUM_CONVERSION = YES;
				CLANG_WARN_INFINITE_RECURSION = YES;
				CLANG_WARN_INT_CONVERSION = YES;
				CLANG_WARN_NON_LITERAL_NULL_CONVERSION = YES;
				CLANG_WARN_OBJC_IMPLICIT_RETAIN_SELF = YES;
				CLANG_WARN_OBJC_LITERAL_CONVERSION = YES;
				CLANG_WARN_OBJC_ROOT_CLASS = YES_ERROR;
				CLANG_WARN_QUOTED_INCLUDE_IN_FRAMEWORK_HEADER = YES;
				CLANG_WARN_RANGE_LOOP_ANALYSIS = YES;
				CLANG_WARN_STRICT_PROTOTYPES = YES;
				CLANG_WARN_SUSPICIOUS_MOVE = YES;
				CLANG_WARN_UNGUARDED_AVAILABILITY = YES_AGGRESSIVE;
				CLANG_WARN_UNREACHABLE_CODE = YES;
				CLANG_WARN__DUPLICATE_METHOD_MATCH = YES;
				COPY_PHASE_STRIP = NO;
				DEBUG_INFORMATION_FORMAT = "dwarf-with-dsym";
				ENABLE_NS_ASSERTIONS = NO;
				ENABLE_STRICT_OBJC_MSGSEND = YES;
				ENABLE_USER_SCRIPT_SANDBOXING = YES;
				GCC_C_LANGUAGE_STANDARD = gnu17;
				GCC_NO_COMMON_BLOCKS = YES;
				GCC_WARN_64_TO_32_BIT_CONVERSION = YES;
				GCC_WARN_ABOUT_RETURN_TYPE = YES_ERROR;
				GCC_WARN_UNDECLARED_SELECTOR = YES;
				GCC_WARN_UNINITIALIZED_AUTOS = YES_AGGRESSIVE;
				GCC_WARN_UNUSED_FUNCTION = YES;
				GCC_WARN_UNUSED_VARIABLE = YES;
				IPHONEOS_DEPLOYMENT_TARGET = 17.5;
				LOCALIZATION_PREFERS_STRING_CATALOGS = YES;
				MTL_ENABLE_DEBUG_INFO = NO;
				MTL_FAST_MATH = YES;
				SDKROOT = iphoneos;
				SWIFT_COMPILATION_MODE = wholemodule;
				VALIDATE_PRODUCT = YES;
			};
			name = Release;
		};
		C03BD6F42C19603100D2FEA7 /* Debug */ = {
			isa = XCBuildConfiguration;
			buildSettings = {
				ASSETCATALOG_COMPILER_APPICON_NAME = AppIcon;
				ASSETCATALOG_COMPILER_GLOBAL_ACCENT_COLOR_NAME = AccentColor;
				CODE_SIGN_STYLE = Automatic;
				CURRENT_PROJECT_VERSION = 1;
				DEVELOPMENT_ASSET_PATHS = "\"HawKeys-HMS/Preview Content\"";
				DEVELOPMENT_TEAM = R2862SJ6F3;
				ENABLE_PREVIEWS = YES;
				GENERATE_INFOPLIST_FILE = YES;
				INFOPLIST_KEY_UIApplicationSceneManifest_Generation = YES;
				INFOPLIST_KEY_UIApplicationSupportsIndirectInputEvents = YES;
				INFOPLIST_KEY_UILaunchScreen_Generation = YES;
				INFOPLIST_KEY_UISupportedInterfaceOrientations_iPad = "UIInterfaceOrientationPortrait UIInterfaceOrientationPortraitUpsideDown UIInterfaceOrientationLandscapeLeft UIInterfaceOrientationLandscapeRight";
				INFOPLIST_KEY_UISupportedInterfaceOrientations_iPhone = "UIInterfaceOrientationPortrait UIInterfaceOrientationLandscapeLeft UIInterfaceOrientationLandscapeRight";
				LD_RUNPATH_SEARCH_PATHS = (
					"$(inherited)",
					"@executable_path/Frameworks",
				);
				MARKETING_VERSION = 1.0;
				PRODUCT_BUNDLE_IDENTIFIER = "Hawkeys.HawKeys-HMS";
				PRODUCT_NAME = "$(TARGET_NAME)";
				SWIFT_EMIT_LOC_STRINGS = YES;
				SWIFT_VERSION = 5.0;
				TARGETED_DEVICE_FAMILY = "1,2";
			};
			name = Debug;
		};
		C03BD6F52C19603100D2FEA7 /* Release */ = {
			isa = XCBuildConfiguration;
			buildSettings = {
				ASSETCATALOG_COMPILER_APPICON_NAME = AppIcon;
				ASSETCATALOG_COMPILER_GLOBAL_ACCENT_COLOR_NAME = AccentColor;
				CODE_SIGN_STYLE = Automatic;
				CURRENT_PROJECT_VERSION = 1;
				DEVELOPMENT_ASSET_PATHS = "\"HawKeys-HMS/Preview Content\"";
				DEVELOPMENT_TEAM = R2862SJ6F3;
				ENABLE_PREVIEWS = YES;
				GENERATE_INFOPLIST_FILE = YES;
				INFOPLIST_KEY_UIApplicationSceneManifest_Generation = YES;
				INFOPLIST_KEY_UIApplicationSupportsIndirectInputEvents = YES;
				INFOPLIST_KEY_UILaunchScreen_Generation = YES;
				INFOPLIST_KEY_UISupportedInterfaceOrientations_iPad = "UIInterfaceOrientationPortrait UIInterfaceOrientationPortraitUpsideDown UIInterfaceOrientationLandscapeLeft UIInterfaceOrientationLandscapeRight";
				INFOPLIST_KEY_UISupportedInterfaceOrientations_iPhone = "UIInterfaceOrientationPortrait UIInterfaceOrientationLandscapeLeft UIInterfaceOrientationLandscapeRight";
				LD_RUNPATH_SEARCH_PATHS = (
					"$(inherited)",
					"@executable_path/Frameworks",
				);
				MARKETING_VERSION = 1.0;
				PRODUCT_BUNDLE_IDENTIFIER = "Hawkeys.HawKeys-HMS";
				PRODUCT_NAME = "$(TARGET_NAME)";
				SWIFT_EMIT_LOC_STRINGS = YES;
				SWIFT_VERSION = 5.0;
				TARGETED_DEVICE_FAMILY = "1,2";
			};
			name = Release;
		};
/* End XCBuildConfiguration section */

/* Begin XCConfigurationList section */
		C03BD6E02C19603000D2FEA7 /* Build configuration list for PBXProject "HawKeys-HMS" */ = {
			isa = XCConfigurationList;
			buildConfigurations = (
				C03BD6F12C19603100D2FEA7 /* Debug */,
				C03BD6F22C19603100D2FEA7 /* Release */,
			);
			defaultConfigurationIsVisible = 0;
			defaultConfigurationName = Release;
		};
		C03BD6F32C19603100D2FEA7 /* Build configuration list for PBXNativeTarget "HawKeys-HMS" */ = {
			isa = XCConfigurationList;
			buildConfigurations = (
				C03BD6F42C19603100D2FEA7 /* Debug */,
				C03BD6F52C19603100D2FEA7 /* Release */,
			);
			defaultConfigurationIsVisible = 0;
			defaultConfigurationName = Release;
		};
/* End XCConfigurationList section */
	};
	rootObject = C03BD6DD2C19603000D2FEA7 /* Project object */;
}
